# This file is automatically @generated by Cargo.
# It is not intended for manual editing.
version = 4

[[package]]
name = "areia"
version = "1.0.0"
source = "git+https://github.com/Xqhare/areia#bbcfe0bce981739743cf84ea8f693bb05331ebe4"

[[package]]
name = "athena"
version = "0.7.0"
source = "git+https://github.com/Xqhare/athena#8fd104734401337c4219e154798d470aeb92c264"

[[package]]
name = "hermes"
version = "1.0.0"
source = "git+https://github.com/Xqhare/hermes#76982ab45b0c6df1848a8447307b5fc519b69af8"
dependencies = [
 "nabu",
]

[[package]]
name = "horae"
version = "1.0.0"
source = "git+https://github.com/Xqhare/horae#e6c13d084ee3d06215deb0d18ae3a784945d67ee"

[[package]]
name = "libc"
version = "0.2.182"
source = "registry+https://github.com/rust-lang/crates.io-index"
checksum = "6800badb6cb2082ffd7b6a67e6125bb39f18782f793520caee8cb8846be06112"

[[package]]
name = "nabu"
version = "2.0.0"
source = "git+https://github.com/xqhare/nabu#378d6be650c10555c2a4a64fa831f40f66f4fd2f"
dependencies = [
 "athena",
]

[[package]]
name = "nyx-backend"
version = "0.2.0"
dependencies = [
 "areia",
 "athena",
 "talos",
]

[[package]]
name = "nyx-builder"
version = "0.2.0"
dependencies = [
 "athena",
 "hermes",
 "nyx-backend",
 "nyx-tui",
 "talos",
]

[[package]]
name = "nyx-tui"
version = "0.2.0"
dependencies = [
 "athena",
 "horae",
 "nyx-backend",
 "talos",
]

[[package]]
name = "talos"
version = "1.1.0"
source = "git+https://github.com/Xqhare/talos#5afc913c2be75b1fca2c0670181a0fc29e2f29e2"
dependencies = [
 "libc",
]
