# This file is automatically @generated by Cargo.
# It is not intended for manual editing.
version = 4

[[package]]
name = "areia"
version = "1.0.0"
source = "git+https://github.com/Xqhare/areia#32f0ab3f7adc21b69590f8692c3b79197706e961"

[[package]]
name = "athena"
version = "1.0.0"
source = "git+https://github.com/Xqhare/athena#9a9cfaa4349a479ec0b6c31f299aca85444729f3"

[[package]]
name = "hermes"
version = "1.0.0"
source = "git+https://github.com/Xqhare/hermes#a1b1248eba88cb45bdc46050f73ba9269848148f"
dependencies = [
 "nabu",
]

[[package]]
name = "horae"
version = "1.0.0"
source = "git+https://github.com/Xqhare/horae#033709e7f958911eead778c6d5bce44a156fbeff"

[[package]]
name = "libc"
version = "0.2.183"
source = "registry+https://github.com/rust-lang/crates.io-index"
checksum = "b5b646652bf6661599e1da8901b3b9522896f01e736bad5f723fe7a3a27f899d"

[[package]]
name = "nabu"
version = "2.0.0"
source = "git+https://github.com/xqhare/nabu#8ab7f54b07dbb81758fced311e7069ddedb338ad"
dependencies = [
 "athena",
]

[[package]]
name = "nyx-backend"
version = "1.0.0"
dependencies = [
 "areia",
 "athena",
 "talos",
]

[[package]]
name = "nyx-builder"
version = "1.0.0"
dependencies = [
 "athena",
 "hermes",
 "nyx-backend",
 "nyx-tui",
 "talos",
]

[[package]]
name = "nyx-tui"
version = "1.0.0"
dependencies = [
 "athena",
 "horae",
 "nyx-backend",
 "talos",
]

[[package]]
name = "talos"
version = "1.1.0"
source = "git+https://github.com/Xqhare/talos#2aa483f58f5af7da13492bd582581c5bc9e8f0f0"
dependencies = [
 "libc",
]
