# This file is automatically @generated by Cargo.
# It is not intended for manual editing.
version = 4

[[package]]
name = "athena"
version = "0.6.0"
source = "git+https://github.com/Xqhare/athena#055f9f3b085317fb1446e0ce013fc872eb1365f4"

[[package]]
name = "hermes"
version = "1.0.0"
source = "git+https://github.com/Xqhare/hermes#76982ab45b0c6df1848a8447307b5fc519b69af8"
dependencies = [
 "nabu",
]

[[package]]
name = "nabu"
version = "2.0.0"
source = "git+https://github.com/xqhare/nabu#49f9289d5299d5d1b60dd83d87147908b92c03a1"
dependencies = [
 "athena",
]

[[package]]
name = "nyx"
version = "0.1.0"

[[package]]
name = "nyx-backend"
version = "0.1.0"
dependencies = [
 "athena",
 "hermes",
]

[[package]]
name = "nyx-tui"
version = "0.1.0"
